{
  "requires": true,
  "lockfileVersion": 1,
  "dependencies": {
    "knot.js": {
      "version": "1.1.5",
      "resolved": "https://registry.npmjs.org/knot.js/-/knot.js-1.1.5.tgz",
      "integrity": "sha1-KOclIvcD9Q/piBL94iTdcnKP710="
    },
    "layzr.js": {
      "version": "2.2.2",
      "resolved": "https://registry.npmjs.org/layzr.js/-/layzr.js-2.2.2.tgz",
      "integrity": "sha1-ycaivQ548l2OxZGceHMhSJ7kmHM=",
      "requires": {
        "knot.js": "1.1.5"
      }
    }
  }
}
